
Microsoft Visual Studio Solution File, Format Version 12.00
# Visual Studio 14
VisualStudioVersion = 14.0.25420.1
MinimumVisualStudioVersion = 10.0.40219.1
Project("{FAE04EC0-301F-11D3-BF4B-00C04F79EFBC}") = "SSCEOfflineRegSchApp", "SSCEOfflineRegSchApp\SSCEOfflineRegSchApp.csproj", "{162FED19-AE51-47A2-B748-67FDE2F776A9}"
EndProject
Project("{FAE04EC0-301F-11D3-BF4B-00C04F79EFBC}") = "ToastNotifications", "ToastNotifications\ToastNotifications.csproj", "{5055F15C-C9F1-4D06-82E6-38FBD142FB94}"
EndProject
Project("{FAE04EC0-301F-11D3-BF4B-00C04F79EFBC}") = "ToastNotifications.Messages", "ToastNotifications.Messages\ToastNotifications.Messages.csproj", "{D66B588F-9B0E-4472-9B33-8164C6776A78}"
EndProject
Project("{6141683F-8A12-4E36-9623-2EB02B2C2303}") = "SSCEOfflineSch_Setup", "SSCEOfflineSch_Setup\SSCEOfflineSch_Setup.isproj", "{4F59A55F-9673-4744-A476-A0D72A7BEB9C}"
EndProject
Global
	GlobalSection(SolutionConfigurationPlatforms) = preSolution
		CD_ROM|Any CPU = CD_ROM|Any CPU
		CD_ROM|x86 = CD_ROM|x86
		Debug|Any CPU = Debug|Any CPU
		Debug|x86 = Debug|x86
		DVD-5|Any CPU = DVD-5|Any CPU
		DVD-5|x86 = DVD-5|x86
		Release|Any CPU = Release|Any CPU
		Release|x86 = Release|x86
		SingleImage|Any CPU = SingleImage|Any CPU
		SingleImage|x86 = SingleImage|x86
	EndGlobalSection
	GlobalSection(ProjectConfigurationPlatforms) = postSolution
		{162FED19-AE51-47A2-B748-67FDE2F776A9}.CD_ROM|Any CPU.ActiveCfg = Release|Any CPU
		{162FED19-AE51-47A2-B748-67FDE2F776A9}.CD_ROM|Any CPU.Build.0 = Release|Any CPU
		{162FED19-AE51-47A2-B748-67FDE2F776A9}.CD_ROM|x86.ActiveCfg = Release|x86
		{162FED19-AE51-47A2-B748-67FDE2F776A9}.CD_ROM|x86.Build.0 = Release|x86
		{162FED19-AE51-47A2-B748-67FDE2F776A9}.Debug|Any CPU.ActiveCfg = Debug|Any CPU
		{162FED19-AE51-47A2-B748-67FDE2F776A9}.Debug|Any CPU.Build.0 = Debug|Any CPU
		{162FED19-AE51-47A2-B748-67FDE2F776A9}.Debug|x86.ActiveCfg = Debug|x86
		{162FED19-AE51-47A2-B748-67FDE2F776A9}.Debug|x86.Build.0 = Debug|x86
		{162FED19-AE51-47A2-B748-67FDE2F776A9}.DVD-5|Any CPU.ActiveCfg = Debug|Any CPU
		{162FED19-AE51-47A2-B748-67FDE2F776A9}.DVD-5|Any CPU.Build.0 = Debug|Any CPU
		{162FED19-AE51-47A2-B748-67FDE2F776A9}.DVD-5|x86.ActiveCfg = Debug|x86
		{162FED19-AE51-47A2-B748-67FDE2F776A9}.DVD-5|x86.Build.0 = Debug|x86
		{162FED19-AE51-47A2-B748-67FDE2F776A9}.Release|Any CPU.ActiveCfg = Release|Any CPU
		{162FED19-AE51-47A2-B748-67FDE2F776A9}.Release|Any CPU.Build.0 = Release|Any CPU
		{162FED19-AE51-47A2-B748-67FDE2F776A9}.Release|x86.ActiveCfg = Debug|Any CPU
		{162FED19-AE51-47A2-B748-67FDE2F776A9}.Release|x86.Build.0 = Debug|Any CPU
		{162FED19-AE51-47A2-B748-67FDE2F776A9}.SingleImage|Any CPU.ActiveCfg = Release|Any CPU
		{162FED19-AE51-47A2-B748-67FDE2F776A9}.SingleImage|Any CPU.Build.0 = Release|Any CPU
		{162FED19-AE51-47A2-B748-67FDE2F776A9}.SingleImage|x86.ActiveCfg = Release|x86
		{162FED19-AE51-47A2-B748-67FDE2F776A9}.SingleImage|x86.Build.0 = Release|x86
		{5055F15C-C9F1-4D06-82E6-38FBD142FB94}.CD_ROM|Any CPU.ActiveCfg = Release|Any CPU
		{5055F15C-C9F1-4D06-82E6-38FBD142FB94}.CD_ROM|Any CPU.Build.0 = Release|Any CPU
		{5055F15C-C9F1-4D06-82E6-38FBD142FB94}.CD_ROM|x86.ActiveCfg = Release|Any CPU
		{5055F15C-C9F1-4D06-82E6-38FBD142FB94}.CD_ROM|x86.Build.0 = Release|Any CPU
		{5055F15C-C9F1-4D06-82E6-38FBD142FB94}.Debug|Any CPU.ActiveCfg = Debug|Any CPU
		{5055F15C-C9F1-4D06-82E6-38FBD142FB94}.Debug|Any CPU.Build.0 = Debug|Any CPU
		{5055F15C-C9F1-4D06-82E6-38FBD142FB94}.Debug|x86.ActiveCfg = Debug|Any CPU
		{5055F15C-C9F1-4D06-82E6-38FBD142FB94}.Debug|x86.Build.0 = Debug|Any CPU
		{5055F15C-C9F1-4D06-82E6-38FBD142FB94}.DVD-5|Any CPU.ActiveCfg = Debug|Any CPU
		{5055F15C-C9F1-4D06-82E6-38FBD142FB94}.DVD-5|Any CPU.Build.0 = Debug|Any CPU
		{5055F15C-C9F1-4D06-82E6-38FBD142FB94}.DVD-5|x86.ActiveCfg = Debug|Any CPU
		{5055F15C-C9F1-4D06-82E6-38FBD142FB94}.DVD-5|x86.Build.0 = Debug|Any CPU
		{5055F15C-C9F1-4D06-82E6-38FBD142FB94}.Release|Any CPU.ActiveCfg = Release|Any CPU
		{5055F15C-C9F1-4D06-82E6-38FBD142FB94}.Release|Any CPU.Build.0 = Release|Any CPU
		{5055F15C-C9F1-4D06-82E6-38FBD142FB94}.Release|x86.ActiveCfg = Debug|Any CPU
		{5055F15C-C9F1-4D06-82E6-38FBD142FB94}.Release|x86.Build.0 = Debug|Any CPU
		{5055F15C-C9F1-4D06-82E6-38FBD142FB94}.SingleImage|Any CPU.ActiveCfg = Release|Any CPU
		{5055F15C-C9F1-4D06-82E6-38FBD142FB94}.SingleImage|Any CPU.Build.0 = Release|Any CPU
		{5055F15C-C9F1-4D06-82E6-38FBD142FB94}.SingleImage|x86.ActiveCfg = Release|Any CPU
		{5055F15C-C9F1-4D06-82E6-38FBD142FB94}.SingleImage|x86.Build.0 = Release|Any CPU
		{D66B588F-9B0E-4472-9B33-8164C6776A78}.CD_ROM|Any CPU.ActiveCfg = Release|Any CPU
		{D66B588F-9B0E-4472-9B33-8164C6776A78}.CD_ROM|Any CPU.Build.0 = Release|Any CPU
		{D66B588F-9B0E-4472-9B33-8164C6776A78}.CD_ROM|x86.ActiveCfg = Release|Any CPU
		{D66B588F-9B0E-4472-9B33-8164C6776A78}.CD_ROM|x86.Build.0 = Release|Any CPU
		{D66B588F-9B0E-4472-9B33-8164C6776A78}.Debug|Any CPU.ActiveCfg = Debug|Any CPU
		{D66B588F-9B0E-4472-9B33-8164C6776A78}.Debug|Any CPU.Build.0 = Debug|Any CPU
		{D66B588F-9B0E-4472-9B33-8164C6776A78}.Debug|x86.ActiveCfg = Debug|Any CPU
		{D66B588F-9B0E-4472-9B33-8164C6776A78}.Debug|x86.Build.0 = Debug|Any CPU
		{D66B588F-9B0E-4472-9B33-8164C6776A78}.DVD-5|Any CPU.ActiveCfg = Debug|Any CPU
		{D66B588F-9B0E-4472-9B33-8164C6776A78}.DVD-5|Any CPU.Build.0 = Debug|Any CPU
		{D66B588F-9B0E-4472-9B33-8164C6776A78}.DVD-5|x86.ActiveCfg = Debug|Any CPU
		{D66B588F-9B0E-4472-9B33-8164C6776A78}.DVD-5|x86.Build.0 = Debug|Any CPU
		{D66B588F-9B0E-4472-9B33-8164C6776A78}.Release|Any CPU.ActiveCfg = Release|Any CPU
		{D66B588F-9B0E-4472-9B33-8164C6776A78}.Release|Any CPU.Build.0 = Release|Any CPU
		{D66B588F-9B0E-4472-9B33-8164C6776A78}.Release|x86.ActiveCfg = Debug|Any CPU
		{D66B588F-9B0E-4472-9B33-8164C6776A78}.Release|x86.Build.0 = Debug|Any CPU
		{D66B588F-9B0E-4472-9B33-8164C6776A78}.SingleImage|Any CPU.ActiveCfg = Release|Any CPU
		{D66B588F-9B0E-4472-9B33-8164C6776A78}.SingleImage|Any CPU.Build.0 = Release|Any CPU
		{D66B588F-9B0E-4472-9B33-8164C6776A78}.SingleImage|x86.ActiveCfg = Release|Any CPU
		{D66B588F-9B0E-4472-9B33-8164C6776A78}.SingleImage|x86.Build.0 = Release|Any CPU
		{4F59A55F-9673-4744-A476-A0D72A7BEB9C}.CD_ROM|Any CPU.ActiveCfg = CD_ROM
		{4F59A55F-9673-4744-A476-A0D72A7BEB9C}.CD_ROM|Any CPU.Build.0 = CD_ROM
		{4F59A55F-9673-4744-A476-A0D72A7BEB9C}.CD_ROM|x86.ActiveCfg = CD_ROM
		{4F59A55F-9673-4744-A476-A0D72A7BEB9C}.CD_ROM|x86.Build.0 = CD_ROM
		{4F59A55F-9673-4744-A476-A0D72A7BEB9C}.Debug|Any CPU.ActiveCfg = DVD-5
		{4F59A55F-9673-4744-A476-A0D72A7BEB9C}.Debug|Any CPU.Build.0 = DVD-5
		{4F59A55F-9673-4744-A476-A0D72A7BEB9C}.Debug|x86.ActiveCfg = SingleImage
		{4F59A55F-9673-4744-A476-A0D72A7BEB9C}.Debug|x86.Build.0 = SingleImage
		{4F59A55F-9673-4744-A476-A0D72A7BEB9C}.DVD-5|Any CPU.ActiveCfg = DVD-5
		{4F59A55F-9673-4744-A476-A0D72A7BEB9C}.DVD-5|Any CPU.Build.0 = DVD-5
		{4F59A55F-9673-4744-A476-A0D72A7BEB9C}.DVD-5|x86.ActiveCfg = DVD-5
		{4F59A55F-9673-4744-A476-A0D72A7BEB9C}.DVD-5|x86.Build.0 = DVD-5
		{4F59A55F-9673-4744-A476-A0D72A7BEB9C}.Release|Any CPU.ActiveCfg = SingleImage
		{4F59A55F-9673-4744-A476-A0D72A7BEB9C}.Release|Any CPU.Build.0 = SingleImage
		{4F59A55F-9673-4744-A476-A0D72A7BEB9C}.Release|x86.ActiveCfg = SingleImage
		{4F59A55F-9673-4744-A476-A0D72A7BEB9C}.Release|x86.Build.0 = SingleImage
		{4F59A55F-9673-4744-A476-A0D72A7BEB9C}.SingleImage|Any CPU.ActiveCfg = SingleImage
		{4F59A55F-9673-4744-A476-A0D72A7BEB9C}.SingleImage|Any CPU.Build.0 = SingleImage
		{4F59A55F-9673-4744-A476-A0D72A7BEB9C}.SingleImage|x86.ActiveCfg = SingleImage
		{4F59A55F-9673-4744-A476-A0D72A7BEB9C}.SingleImage|x86.Build.0 = SingleImage
	EndGlobalSection
	GlobalSection(SolutionProperties) = preSolution
		HideSolutionNode = FALSE
	EndGlobalSection
EndGlobal
